
Microsoft Visual Studio Solution File, Format Version 12.00
# Visual Studio Version 16
VisualStudioVersion = 16.0.29209.62
MinimumVisualStudioVersion = 10.0.40219.1
Project("{2150E333-8FDC-42A3-9474-1A3956D46DE8}") = "src", "src", "{97074EC0-4EAF-4238-B665-CA45653DE917}"
EndProject
Project("{9A19103F-16F7-4668-BE54-9A1E7A4F7556}") = "SeviceSubscription.Web", "SeviceSubscription.Web\SeviceSubscription.Web.csproj", "{8A734DA2-F439-4E9D-BB5D-DA66FF02F10F}"
EndProject
Project("{9A19103F-16F7-4668-BE54-9A1E7A4F7556}") = "ServiceSubscription.Infrastructure", "SQLHelper\ServiceSubscription.Infrastructure.csproj", "{6BC38FEC-F2EC-470C-9592-0BA36A0031AF}"
EndProject
Project("{9A19103F-16F7-4668-BE54-9A1E7A4F7556}") = "ServiceSubscription.Core", "ServiceSubscription.Core\ServiceSubscription.Core.csproj", "{D6B9B1AA-6C6E-4048-94AF-EBF8DACA90FE}"
EndProject
Global
	GlobalSection(SolutionConfigurationPlatforms) = preSolution
		Debug|Any CPU = Debug|Any CPU
		Release|Any CPU = Release|Any CPU
	EndGlobalSection
	GlobalSection(ProjectConfigurationPlatforms) = postSolution
		{8A734DA2-F439-4E9D-BB5D-DA66FF02F10F}.Debug|Any CPU.ActiveCfg = Debug|Any CPU
		{8A734DA2-F439-4E9D-BB5D-DA66FF02F10F}.Debug|Any CPU.Build.0 = Debug|Any CPU
		{8A734DA2-F439-4E9D-BB5D-DA66FF02F10F}.Release|Any CPU.ActiveCfg = Release|Any CPU
		{8A734DA2-F439-4E9D-BB5D-DA66FF02F10F}.Release|Any CPU.Build.0 = Release|Any CPU
		{6BC38FEC-F2EC-470C-9592-0BA36A0031AF}.Debug|Any CPU.ActiveCfg = Debug|Any CPU
		{6BC38FEC-F2EC-470C-9592-0BA36A0031AF}.Debug|Any CPU.Build.0 = Debug|Any CPU
		{6BC38FEC-F2EC-470C-9592-0BA36A0031AF}.Release|Any CPU.ActiveCfg = Release|Any CPU
		{6BC38FEC-F2EC-470C-9592-0BA36A0031AF}.Release|Any CPU.Build.0 = Release|Any CPU
		{D6B9B1AA-6C6E-4048-94AF-EBF8DACA90FE}.Debug|Any CPU.ActiveCfg = Debug|Any CPU
		{D6B9B1AA-6C6E-4048-94AF-EBF8DACA90FE}.Debug|Any CPU.Build.0 = Debug|Any CPU
		{D6B9B1AA-6C6E-4048-94AF-EBF8DACA90FE}.Release|Any CPU.ActiveCfg = Release|Any CPU
		{D6B9B1AA-6C6E-4048-94AF-EBF8DACA90FE}.Release|Any CPU.Build.0 = Release|Any CPU
	EndGlobalSection
	GlobalSection(SolutionProperties) = preSolution
		HideSolutionNode = FALSE
	EndGlobalSection
	GlobalSection(NestedProjects) = preSolution
		{8A734DA2-F439-4E9D-BB5D-DA66FF02F10F} = {97074EC0-4EAF-4238-B665-CA45653DE917}
		{6BC38FEC-F2EC-470C-9592-0BA36A0031AF} = {97074EC0-4EAF-4238-B665-CA45653DE917}
		{D6B9B1AA-6C6E-4048-94AF-EBF8DACA90FE} = {97074EC0-4EAF-4238-B665-CA45653DE917}
	EndGlobalSection
	GlobalSection(ExtensibilityGlobals) = postSolution
		SolutionGuid = {812504F0-752D-4977-85FD-CA949AD7D02F}
	EndGlobalSection
EndGlobal
